
Microsoft Visual Studio Solution File, Format Version 12.00
# Visual Studio Version 16
VisualStudioVersion = 16.0.32126.315
MinimumVisualStudioVersion = 10.0.40219.1
Project("{FAE04EC0-301F-11D3-BF4B-00C04F79EFBC}") = "MSAzureEventHubPublisher", "MSAzureEventHubPublisher.csproj", "{27B6971B-232F-4F2F-BA1F-462DE0B45EF5}"
EndProject
Global
	GlobalSection(SolutionConfigurationPlatforms) = preSolution
		Debug|Any CPU = Debug|Any CPU
		Release|Any CPU = Release|Any CPU
	EndGlobalSection
	GlobalSection(ProjectConfigurationPlatforms) = postSolution
		{27B6971B-232F-4F2F-BA1F-462DE0B45EF5}.Debug|Any CPU.ActiveCfg = Debug|Any CPU
		{27B6971B-232F-4F2F-BA1F-462DE0B45EF5}.Debug|Any CPU.Build.0 = Debug|Any CPU
		{27B6971B-232F-4F2F-BA1F-462DE0B45EF5}.Release|Any CPU.ActiveCfg = Release|Any CPU
		{27B6971B-232F-4F2F-BA1F-462DE0B45EF5}.Release|Any CPU.Build.0 = Release|Any CPU
	EndGlobalSection
	GlobalSection(SolutionProperties) = preSolution
		HideSolutionNode = FALSE
	EndGlobalSection
	GlobalSection(ExtensibilityGlobals) = postSolution
		SolutionGuid = {665562E4-62CF-4CDD-BEAA-3DFB2A6F1070}
	EndGlobalSection
EndGlobal
